
Microsoft Visual Studio Solution File, Format Version 12.00
# Visual Studio Version 17
VisualStudioVersion = 17.11.35327.3
MinimumVisualStudioVersion = 10.0.40219.1
Project("{FAE04EC0-301F-11D3-BF4B-00C04F79EFBC}") = "CalculadoraWeb", "CalculadoraWeb.csproj", "{CBC2A76A-C235-43D2-8BEE-B7D8E050897A}"
EndProject
Global
	GlobalSection(SolutionConfigurationPlatforms) = preSolution
		Debug|Any CPU = Debug|Any CPU
		Release|Any CPU = Release|Any CPU
	EndGlobalSection
	GlobalSection(ProjectConfigurationPlatforms) = postSolution
		{CBC2A76A-C235-43D2-8BEE-B7D8E050897A}.Debug|Any CPU.ActiveCfg = Debug|Any CPU
		{CBC2A76A-C235-43D2-8BEE-B7D8E050897A}.Debug|Any CPU.Build.0 = Debug|Any CPU
		{CBC2A76A-C235-43D2-8BEE-B7D8E050897A}.Release|Any CPU.ActiveCfg = Release|Any CPU
		{CBC2A76A-C235-43D2-8BEE-B7D8E050897A}.Release|Any CPU.Build.0 = Release|Any CPU
	EndGlobalSection
	GlobalSection(SolutionProperties) = preSolution
		HideSolutionNode = FALSE
	EndGlobalSection
	GlobalSection(ExtensibilityGlobals) = postSolution
		SolutionGuid = {855FCA3A-2899-4B9D-8B73-ECF9C56D5E74}
	EndGlobalSection
EndGlobal
